
Microsoft Visual Studio Solution File, Format Version 12.00
# Visual Studio Version 17
VisualStudioVersion = 17.4.33110.190
MinimumVisualStudioVersion = 10.0.40219.1
Project("{9A19103F-16F7-4668-BE54-9A1E7A4F7556}") = "AppiumTest", "AppiumTest\AppiumTest.csproj", "{DE113F8E-0C9C-4160-BBEF-1155433EB888}"
EndProject
Project("{2150E333-8FDC-42A3-9474-1A3956D46DE8}") = "Solution Items", "Solution Items", "{E5431EB8-FA2C-4EDB-BDC4-752741751F0D}"
	ProjectSection(SolutionItems) = preProject
		.editorconfig = .editorconfig
	EndProjectSection
EndProject
Project("{FAE04EC0-301F-11D3-BF4B-00C04F79EFBC}") = "TestAppium", "TestAppium\TestAppium.csproj", "{3F4E1AC8-31E6-4A5E-B65B-34A46CD14E43}"
EndProject
Global
	GlobalSection(SolutionConfigurationPlatforms) = preSolution
		Debug|Any CPU = Debug|Any CPU
		Release|Any CPU = Release|Any CPU
	EndGlobalSection
	GlobalSection(ProjectConfigurationPlatforms) = postSolution
		{DE113F8E-0C9C-4160-BBEF-1155433EB888}.Debug|Any CPU.ActiveCfg = Debug|Any CPU
		{DE113F8E-0C9C-4160-BBEF-1155433EB888}.Debug|Any CPU.Build.0 = Debug|Any CPU
		{DE113F8E-0C9C-4160-BBEF-1155433EB888}.Release|Any CPU.ActiveCfg = Release|Any CPU
		{DE113F8E-0C9C-4160-BBEF-1155433EB888}.Release|Any CPU.Build.0 = Release|Any CPU
		{3F4E1AC8-31E6-4A5E-B65B-34A46CD14E43}.Debug|Any CPU.ActiveCfg = Debug|Any CPU
		{3F4E1AC8-31E6-4A5E-B65B-34A46CD14E43}.Debug|Any CPU.Build.0 = Debug|Any CPU
		{3F4E1AC8-31E6-4A5E-B65B-34A46CD14E43}.Release|Any CPU.ActiveCfg = Release|Any CPU
		{3F4E1AC8-31E6-4A5E-B65B-34A46CD14E43}.Release|Any CPU.Build.0 = Release|Any CPU
	EndGlobalSection
	GlobalSection(SolutionProperties) = preSolution
		HideSolutionNode = FALSE
	EndGlobalSection
	GlobalSection(ExtensibilityGlobals) = postSolution
		SolutionGuid = {43F37FE1-1B42-4DAD-9B4D-94452DAC450B}
	EndGlobalSection
EndGlobal
